
Microsoft Visual Studio Solution File, Format Version 12.00
# Visual Studio Version 17
VisualStudioVersion = 17.3.32901.215
MinimumVisualStudioVersion = 10.0.40219.1
Project("{9A19103F-16F7-4668-BE54-9A1E7A4F7556}") = "Model", "Model\Model.csproj", "{4F3B0337-8019-4988-ADFE-FD7AE5BCDBF6}"
EndProject
Project("{9A19103F-16F7-4668-BE54-9A1E7A4F7556}") = "App", "App\App.csproj", "{81443A61-4C32-4863-90B5-7548C7385059}"
	ProjectSection(ProjectDependencies) = postProject
		{4F3B0337-8019-4988-ADFE-FD7AE5BCDBF6} = {4F3B0337-8019-4988-ADFE-FD7AE5BCDBF6}
	EndProjectSection
EndProject
Project("{9A19103F-16F7-4668-BE54-9A1E7A4F7556}") = "Tests", "Tests\Tests.csproj", "{11BDDDA8-CBED-46EE-A224-144C3CD545A7}"
EndProject
Project("{FAE04EC0-301F-11D3-BF4B-00C04F79EFBC}") = "Stub", "Stub\Stub.csproj", "{3047BFD8-EF44-4095-9E54-45D47C7AB212}"
EndProject
Global
	GlobalSection(SolutionConfigurationPlatforms) = preSolution
		Debug|Any CPU = Debug|Any CPU
		Release|Any CPU = Release|Any CPU
	EndGlobalSection
	GlobalSection(ProjectConfigurationPlatforms) = postSolution
		{4F3B0337-8019-4988-ADFE-FD7AE5BCDBF6}.Debug|Any CPU.ActiveCfg = Debug|Any CPU
		{4F3B0337-8019-4988-ADFE-FD7AE5BCDBF6}.Debug|Any CPU.Build.0 = Debug|Any CPU
		{4F3B0337-8019-4988-ADFE-FD7AE5BCDBF6}.Release|Any CPU.ActiveCfg = Release|Any CPU
		{4F3B0337-8019-4988-ADFE-FD7AE5BCDBF6}.Release|Any CPU.Build.0 = Release|Any CPU
		{81443A61-4C32-4863-90B5-7548C7385059}.Debug|Any CPU.ActiveCfg = Debug|Any CPU
		{81443A61-4C32-4863-90B5-7548C7385059}.Debug|Any CPU.Build.0 = Debug|Any CPU
		{81443A61-4C32-4863-90B5-7548C7385059}.Release|Any CPU.ActiveCfg = Release|Any CPU
		{81443A61-4C32-4863-90B5-7548C7385059}.Release|Any CPU.Build.0 = Release|Any CPU
		{11BDDDA8-CBED-46EE-A224-144C3CD545A7}.Debug|Any CPU.ActiveCfg = Debug|Any CPU
		{11BDDDA8-CBED-46EE-A224-144C3CD545A7}.Debug|Any CPU.Build.0 = Debug|Any CPU
		{11BDDDA8-CBED-46EE-A224-144C3CD545A7}.Release|Any CPU.ActiveCfg = Release|Any CPU
		{11BDDDA8-CBED-46EE-A224-144C3CD545A7}.Release|Any CPU.Build.0 = Release|Any CPU
		{3047BFD8-EF44-4095-9E54-45D47C7AB212}.Debug|Any CPU.ActiveCfg = Debug|Any CPU
		{3047BFD8-EF44-4095-9E54-45D47C7AB212}.Debug|Any CPU.Build.0 = Debug|Any CPU
		{3047BFD8-EF44-4095-9E54-45D47C7AB212}.Release|Any CPU.ActiveCfg = Release|Any CPU
		{3047BFD8-EF44-4095-9E54-45D47C7AB212}.Release|Any CPU.Build.0 = Release|Any CPU
	EndGlobalSection
	GlobalSection(SolutionProperties) = preSolution
		HideSolutionNode = FALSE
	EndGlobalSection
	GlobalSection(ExtensibilityGlobals) = postSolution
		SolutionGuid = {F1DFFC48-0814-4BD5-A8E6-9F757CEB8725}
	EndGlobalSection
EndGlobal
